{
  "name": "cloud",
  "version": "1.0.0",
  "lockfileVersion": 3,
  "requires": true,
  "packages": {
    "": {
      "name": "cloud",
      "version": "1.0.0",
      "license": "ISC",
      "dependencies": {
        "@tursodatabase/sync": "../.."
      }
    },
    "../..": {
      "name": "@tursodatabase/sync",
      "version": "0.1.4-pre.2",
      "license": "MIT",
      "dependencies": {
        "@tursodatabase/turso": "file:../../bindings/javascript"
      },
      "devDependencies": {
        "@napi-rs/cli": "^3.0.4",
        "@napi-rs/wasm-runtime": "^1.0.1",
        "@types/node": "^24.2.0",
        "ava": "^6.0.1",
        "tsc": "^2.0.4",
        "typescript": "^5.9.2"
      },
      "engines": {
        "node": ">= 10"
      }
    },
    "node_modules/@tursodatabase/sync": {
      "resolved": "../..",
      "link": true
    }
  }
}
