{
  "name": "remote",
  "version": "1.0.0",
  "lockfileVersion": 3,
  "requires": true,
  "packages": {
    "": {
      "name": "remote",
      "version": "1.0.0",
      "license": "MIT",
      "dependencies": {
        "@tursodatabase/serverless": "../.."
      }
    },
    "../..": {
      "name": "@tursodatabase/serverless",
      "version": "1.0.0",
      "license": "ISC",
      "devDependencies": {
        "@types/node": "^24.0.13",
        "typescript": "^5.8.3"
      }
    },
    "node_modules/@tursodatabase/serverless": {
      "resolved": "../..",
      "link": true
    }
  }
}
